
Microsoft Visual Studio Solution File, Format Version 12.00
# Visual Studio Version 16
VisualStudioVersion = 16.0.31424.327
MinimumVisualStudioVersion = 10.0.40219.1
Project("{FAE04EC0-301F-11D3-BF4B-00C04F79EFBC}") = "WpfAppTask", "WpfAppTask\WpfAppTask.csproj", "{8E1B0392-FADF-43C8-AE4A-B726769F63A3}"
EndProject
Global
	GlobalSection(SolutionConfigurationPlatforms) = preSolution
		Debug|Any CPU = Debug|Any CPU
		Release|Any CPU = Release|Any CPU
	EndGlobalSection
	GlobalSection(ProjectConfigurationPlatforms) = postSolution
		{8E1B0392-FADF-43C8-AE4A-B726769F63A3}.Debug|Any CPU.ActiveCfg = Debug|Any CPU
		{8E1B0392-FADF-43C8-AE4A-B726769F63A3}.Debug|Any CPU.Build.0 = Debug|Any CPU
		{8E1B0392-FADF-43C8-AE4A-B726769F63A3}.Release|Any CPU.ActiveCfg = Release|Any CPU
		{8E1B0392-FADF-43C8-AE4A-B726769F63A3}.Release|Any CPU.Build.0 = Release|Any CPU
	EndGlobalSection
	GlobalSection(SolutionProperties) = preSolution
		HideSolutionNode = FALSE
	EndGlobalSection
	GlobalSection(ExtensibilityGlobals) = postSolution
		SolutionGuid = {83631FC2-1412-42C5-83B0-50359DCD1E4C}
	EndGlobalSection
EndGlobal
